
Microsoft Visual Studio Solution File, Format Version 12.00
# Visual Studio Version 17
VisualStudioVersion = 17.3.32825.248
MinimumVisualStudioVersion = 10.0.40219.1
Project("{FAE04EC0-301F-11D3-BF4B-00C04F79EFBC}") = "WeWell", "WeWell\WeWell.csproj", "{FD5DC965-4239-4B09-AD5C-F417EC50C92B}"
EndProject
Project("{FAE04EC0-301F-11D3-BF4B-00C04F79EFBC}") = "Domain", "Domain\Domain.csproj", "{6D624F79-C17D-465C-9859-03CE66D5E826}"
EndProject
Project("{FAE04EC0-301F-11D3-BF4B-00C04F79EFBC}") = "DataAccess", "DataAccess\DataAccess.csproj", "{B5AB80AE-EE10-4CA7-8CD8-75B4ADAB1905}"
EndProject
Global
	GlobalSection(SolutionConfigurationPlatforms) = preSolution
		Debug|Any CPU = Debug|Any CPU
		Release|Any CPU = Release|Any CPU
	EndGlobalSection
	GlobalSection(ProjectConfigurationPlatforms) = postSolution
		{FD5DC965-4239-4B09-AD5C-F417EC50C92B}.Debug|Any CPU.ActiveCfg = Debug|Any CPU
		{FD5DC965-4239-4B09-AD5C-F417EC50C92B}.Debug|Any CPU.Build.0 = Debug|Any CPU
		{FD5DC965-4239-4B09-AD5C-F417EC50C92B}.Release|Any CPU.ActiveCfg = Release|Any CPU
		{FD5DC965-4239-4B09-AD5C-F417EC50C92B}.Release|Any CPU.Build.0 = Release|Any CPU
		{6D624F79-C17D-465C-9859-03CE66D5E826}.Debug|Any CPU.ActiveCfg = Debug|Any CPU
		{6D624F79-C17D-465C-9859-03CE66D5E826}.Debug|Any CPU.Build.0 = Debug|Any CPU
		{6D624F79-C17D-465C-9859-03CE66D5E826}.Release|Any CPU.ActiveCfg = Release|Any CPU
		{6D624F79-C17D-465C-9859-03CE66D5E826}.Release|Any CPU.Build.0 = Release|Any CPU
		{B5AB80AE-EE10-4CA7-8CD8-75B4ADAB1905}.Debug|Any CPU.ActiveCfg = Debug|Any CPU
		{B5AB80AE-EE10-4CA7-8CD8-75B4ADAB1905}.Debug|Any CPU.Build.0 = Debug|Any CPU
		{B5AB80AE-EE10-4CA7-8CD8-75B4ADAB1905}.Release|Any CPU.ActiveCfg = Release|Any CPU
		{B5AB80AE-EE10-4CA7-8CD8-75B4ADAB1905}.Release|Any CPU.Build.0 = Release|Any CPU
	EndGlobalSection
	GlobalSection(SolutionProperties) = preSolution
		HideSolutionNode = FALSE
	EndGlobalSection
	GlobalSection(ExtensibilityGlobals) = postSolution
		SolutionGuid = {EE4909C0-E5C0-423F-886B-A1644CD02DE2}
	EndGlobalSection
EndGlobal
